
Microsoft Visual Studio Solution File, Format Version 12.00
# Visual Studio Version 16
VisualStudioVersion = 16.0.31205.134
MinimumVisualStudioVersion = 10.0.40219.1
Project("{9A19103F-16F7-4668-BE54-9A1E7A4F7556}") = "DALContract", "DAL Contract\DALContract.csproj", "{7FCEB8EF-AEFE-4C37-9208-F61B4AFD8163}"
EndProject
Project("{2150E333-8FDC-42A3-9474-1A3956D46DE8}") = "Test", "Test", "{7DA08632-D758-4D94-B8D7-25E8CCB086C9}"
EndProject
Project("{9A19103F-16F7-4668-BE54-9A1E7A4F7556}") = "TestFullStackProject", "TestFullStackProject\TestFullStackProject.csproj", "{DCF8D18A-F58F-4463-9191-20C18F6ECBEC}"
EndProject
Project("{2150E333-8FDC-42A3-9474-1A3956D46DE8}") = "Contracts", "Contracts", "{639B5900-25E5-4748-A87E-4CD5107D5011}"
EndProject
Project("{9A19103F-16F7-4668-BE54-9A1E7A4F7556}") = "ProjectContracts", "ProjectContracts\ProjectContracts.csproj", "{F98D6FB0-6F03-49FC-B7B0-C0492821C1DA}"
EndProject
Project("{2150E333-8FDC-42A3-9474-1A3956D46DE8}") = "Config", "Config", "{68DFA28D-D5F9-4EF4-864F-865E96AAE95D}"
EndProject
Project("{2150E333-8FDC-42A3-9474-1A3956D46DE8}") = "DAL", "DAL", "{AF47C54F-9571-4A4A-913D-2C257ED26CFD}"
EndProject
Project("{9A19103F-16F7-4668-BE54-9A1E7A4F7556}") = "InfraDAL", "InfraDAL\InfraDAL.csproj", "{19FDCD78-96E6-4B56-9392-9719876203AA}"
EndProject
Project("{2150E333-8FDC-42A3-9474-1A3956D46DE8}") = "FinalProject", "FinalProject", "{8E7543EB-44F2-40BA-92C6-8B8D67EA5FBD}"
EndProject
Project("{9A19103F-16F7-4668-BE54-9A1E7A4F7556}") = "FinalProject", "FinalProject\FinalProject.csproj", "{50816190-C248-4341-8702-F73D980669DC}"
EndProject
Project("{9A19103F-16F7-4668-BE54-9A1E7A4F7556}") = "Config", "Config\Config.csproj", "{83EAC3AE-CB70-4A78-B11F-C1F4769F2E6D}"
EndProject
Project("{2150E333-8FDC-42A3-9474-1A3956D46DE8}") = "Services", "Services", "{B8C65326-BAD0-4FB9-802C-F871D66B0FED}"
EndProject
Project("{2150E333-8FDC-42A3-9474-1A3956D46DE8}") = "DTO", "DTO", "{9789F1C5-4894-48A5-A8EB-CBEF2E4282CA}"
EndProject
Project("{9A19103F-16F7-4668-BE54-9A1E7A4F7556}") = "ProjectDTO", "ProjectDTO\ProjectDTO.csproj", "{14DA0108-6D4D-4AB7-A02A-716926499555}"
EndProject
Project("{9A19103F-16F7-4668-BE54-9A1E7A4F7556}") = "UserServiceImpl", "UserServiceImpl\UserServiceImpl.csproj", "{5C87617D-A5DB-42D0-8AAA-1A610C404B74}"
EndProject
Project("{9A19103F-16F7-4668-BE54-9A1E7A4F7556}") = "MarkerServiceImp", "MarkerServiceImp\MarkerServiceImp.csproj", "{BF236E2C-C47D-469C-BFEB-A7474CC487B4}"
EndProject
Project("{9A19103F-16F7-4668-BE54-9A1E7A4F7556}") = "SharingServiceImp", "SharingServiceImp\SharingServiceImp.csproj", "{3834FC75-4464-45B5-B082-BD810E2B9E4D}"
EndProject
Project("{9A19103F-16F7-4668-BE54-9A1E7A4F7556}") = "DocumentServiceImpl", "DocumentServiceImpl\DocumentServiceImpl.csproj", "{B7C2F7EE-442E-40DF-9526-6C081D877AFA}"
EndProject
Project("{2150E333-8FDC-42A3-9474-1A3956D46DE8}") = "MessengerContracts", "MessengerContracts", "{2B6778F1-9FAF-4378-B147-2B456CD1885C}"
EndProject
Project("{9A19103F-16F7-4668-BE54-9A1E7A4F7556}") = "MessengerContracts", "MessengerContracts\MessengerContracts.csproj", "{82FF2E56-0047-4F37-9B9D-F8DA02EC8DC9}"
EndProject
Project("{2150E333-8FDC-42A3-9474-1A3956D46DE8}") = "WebSocket", "WebSocket", "{5844ED87-B2CC-4DAD-8628-89CF7851BEB3}"
EndProject
Project("{2150E333-8FDC-42A3-9474-1A3956D46DE8}") = "Adapters", "Adapters", "{69C68E2E-EC6A-48C1-A53D-A6F4F9D98E37}"
EndProject
Project("{9A19103F-16F7-4668-BE54-9A1E7A4F7556}") = "Adapters", "Adapters\Adapters.csproj", "{E2353601-50BF-468E-BC24-7ECAEADB6678}"
EndProject
Project("{2150E333-8FDC-42A3-9474-1A3956D46DE8}") = "DynamicLoaderComponent", "DynamicLoaderComponent", "{4DDDEA3A-46A8-4FD2-802E-900532F65ED8}"
EndProject
Project("{2150E333-8FDC-42A3-9474-1A3956D46DE8}") = "DynamicLoaderService", "DynamicLoaderService", "{7960A5ED-E878-487E-B909-9771AFB212CC}"
EndProject
Project("{FAE04EC0-301F-11D3-BF4B-00C04F79EFBC}") = "DynamicLoaderServiceImp", "DynamicLoaderService\DynamicLoaderServiceImp.csproj", "{6D9E336B-1A79-4F09-87A7-50D401FD76EC}"
EndProject
Project("{2150E333-8FDC-42A3-9474-1A3956D46DE8}") = "InfraAttributes", "InfraAttributes", "{E0FE4679-28E9-465D-A915-A1F7A9636C21}"
EndProject
Project("{FAE04EC0-301F-11D3-BF4B-00C04F79EFBC}") = "InfraAttributes", "PolicyAttributeImp\InfraAttributes.csproj", "{6DF49120-B9B2-4E24-9D5C-754A47935F8E}"
EndProject
Global
	GlobalSection(SolutionConfigurationPlatforms) = preSolution
		Debug|Any CPU = Debug|Any CPU
		Release|Any CPU = Release|Any CPU
	EndGlobalSection
	GlobalSection(ProjectConfigurationPlatforms) = postSolution
		{7FCEB8EF-AEFE-4C37-9208-F61B4AFD8163}.Debug|Any CPU.ActiveCfg = Debug|Any CPU
		{7FCEB8EF-AEFE-4C37-9208-F61B4AFD8163}.Debug|Any CPU.Build.0 = Debug|Any CPU
		{7FCEB8EF-AEFE-4C37-9208-F61B4AFD8163}.Release|Any CPU.ActiveCfg = Release|Any CPU
		{7FCEB8EF-AEFE-4C37-9208-F61B4AFD8163}.Release|Any CPU.Build.0 = Release|Any CPU
		{DCF8D18A-F58F-4463-9191-20C18F6ECBEC}.Debug|Any CPU.ActiveCfg = Debug|Any CPU
		{DCF8D18A-F58F-4463-9191-20C18F6ECBEC}.Debug|Any CPU.Build.0 = Debug|Any CPU
		{DCF8D18A-F58F-4463-9191-20C18F6ECBEC}.Release|Any CPU.ActiveCfg = Release|Any CPU
		{DCF8D18A-F58F-4463-9191-20C18F6ECBEC}.Release|Any CPU.Build.0 = Release|Any CPU
		{F98D6FB0-6F03-49FC-B7B0-C0492821C1DA}.Debug|Any CPU.ActiveCfg = Debug|Any CPU
		{F98D6FB0-6F03-49FC-B7B0-C0492821C1DA}.Debug|Any CPU.Build.0 = Debug|Any CPU
		{F98D6FB0-6F03-49FC-B7B0-C0492821C1DA}.Release|Any CPU.ActiveCfg = Release|Any CPU
		{F98D6FB0-6F03-49FC-B7B0-C0492821C1DA}.Release|Any CPU.Build.0 = Release|Any CPU
		{19FDCD78-96E6-4B56-9392-9719876203AA}.Debug|Any CPU.ActiveCfg = Debug|Any CPU
		{19FDCD78-96E6-4B56-9392-9719876203AA}.Debug|Any CPU.Build.0 = Debug|Any CPU
		{19FDCD78-96E6-4B56-9392-9719876203AA}.Release|Any CPU.ActiveCfg = Release|Any CPU
		{19FDCD78-96E6-4B56-9392-9719876203AA}.Release|Any CPU.Build.0 = Release|Any CPU
		{50816190-C248-4341-8702-F73D980669DC}.Debug|Any CPU.ActiveCfg = Debug|Any CPU
		{50816190-C248-4341-8702-F73D980669DC}.Debug|Any CPU.Build.0 = Debug|Any CPU
		{50816190-C248-4341-8702-F73D980669DC}.Release|Any CPU.ActiveCfg = Release|Any CPU
		{50816190-C248-4341-8702-F73D980669DC}.Release|Any CPU.Build.0 = Release|Any CPU
		{83EAC3AE-CB70-4A78-B11F-C1F4769F2E6D}.Debug|Any CPU.ActiveCfg = Debug|Any CPU
		{83EAC3AE-CB70-4A78-B11F-C1F4769F2E6D}.Debug|Any CPU.Build.0 = Debug|Any CPU
		{83EAC3AE-CB70-4A78-B11F-C1F4769F2E6D}.Release|Any CPU.ActiveCfg = Release|Any CPU
		{83EAC3AE-CB70-4A78-B11F-C1F4769F2E6D}.Release|Any CPU.Build.0 = Release|Any CPU
		{14DA0108-6D4D-4AB7-A02A-716926499555}.Debug|Any CPU.ActiveCfg = Debug|Any CPU
		{14DA0108-6D4D-4AB7-A02A-716926499555}.Debug|Any CPU.Build.0 = Debug|Any CPU
		{14DA0108-6D4D-4AB7-A02A-716926499555}.Release|Any CPU.ActiveCfg = Release|Any CPU
		{14DA0108-6D4D-4AB7-A02A-716926499555}.Release|Any CPU.Build.0 = Release|Any CPU
		{5C87617D-A5DB-42D0-8AAA-1A610C404B74}.Debug|Any CPU.ActiveCfg = Debug|Any CPU
		{5C87617D-A5DB-42D0-8AAA-1A610C404B74}.Debug|Any CPU.Build.0 = Debug|Any CPU
		{5C87617D-A5DB-42D0-8AAA-1A610C404B74}.Release|Any CPU.ActiveCfg = Release|Any CPU
		{5C87617D-A5DB-42D0-8AAA-1A610C404B74}.Release|Any CPU.Build.0 = Release|Any CPU
		{BF236E2C-C47D-469C-BFEB-A7474CC487B4}.Debug|Any CPU.ActiveCfg = Debug|Any CPU
		{BF236E2C-C47D-469C-BFEB-A7474CC487B4}.Debug|Any CPU.Build.0 = Debug|Any CPU
		{BF236E2C-C47D-469C-BFEB-A7474CC487B4}.Release|Any CPU.ActiveCfg = Release|Any CPU
		{BF236E2C-C47D-469C-BFEB-A7474CC487B4}.Release|Any CPU.Build.0 = Release|Any CPU
		{3834FC75-4464-45B5-B082-BD810E2B9E4D}.Debug|Any CPU.ActiveCfg = Debug|Any CPU
		{3834FC75-4464-45B5-B082-BD810E2B9E4D}.Debug|Any CPU.Build.0 = Debug|Any CPU
		{3834FC75-4464-45B5-B082-BD810E2B9E4D}.Release|Any CPU.ActiveCfg = Release|Any CPU
		{3834FC75-4464-45B5-B082-BD810E2B9E4D}.Release|Any CPU.Build.0 = Release|Any CPU
		{B7C2F7EE-442E-40DF-9526-6C081D877AFA}.Debug|Any CPU.ActiveCfg = Debug|Any CPU
		{B7C2F7EE-442E-40DF-9526-6C081D877AFA}.Debug|Any CPU.Build.0 = Debug|Any CPU
		{B7C2F7EE-442E-40DF-9526-6C081D877AFA}.Release|Any CPU.ActiveCfg = Release|Any CPU
		{B7C2F7EE-442E-40DF-9526-6C081D877AFA}.Release|Any CPU.Build.0 = Release|Any CPU
		{82FF2E56-0047-4F37-9B9D-F8DA02EC8DC9}.Debug|Any CPU.ActiveCfg = Debug|Any CPU
		{82FF2E56-0047-4F37-9B9D-F8DA02EC8DC9}.Debug|Any CPU.Build.0 = Debug|Any CPU
		{82FF2E56-0047-4F37-9B9D-F8DA02EC8DC9}.Release|Any CPU.ActiveCfg = Release|Any CPU
		{82FF2E56-0047-4F37-9B9D-F8DA02EC8DC9}.Release|Any CPU.Build.0 = Release|Any CPU
		{E2353601-50BF-468E-BC24-7ECAEADB6678}.Debug|Any CPU.ActiveCfg = Debug|Any CPU
		{E2353601-50BF-468E-BC24-7ECAEADB6678}.Debug|Any CPU.Build.0 = Debug|Any CPU
		{E2353601-50BF-468E-BC24-7ECAEADB6678}.Release|Any CPU.ActiveCfg = Release|Any CPU
		{E2353601-50BF-468E-BC24-7ECAEADB6678}.Release|Any CPU.Build.0 = Release|Any CPU
		{6D9E336B-1A79-4F09-87A7-50D401FD76EC}.Debug|Any CPU.ActiveCfg = Debug|Any CPU
		{6D9E336B-1A79-4F09-87A7-50D401FD76EC}.Debug|Any CPU.Build.0 = Debug|Any CPU
		{6D9E336B-1A79-4F09-87A7-50D401FD76EC}.Release|Any CPU.ActiveCfg = Release|Any CPU
		{6D9E336B-1A79-4F09-87A7-50D401FD76EC}.Release|Any CPU.Build.0 = Release|Any CPU
		{6DF49120-B9B2-4E24-9D5C-754A47935F8E}.Debug|Any CPU.ActiveCfg = Debug|Any CPU
		{6DF49120-B9B2-4E24-9D5C-754A47935F8E}.Debug|Any CPU.Build.0 = Debug|Any CPU
		{6DF49120-B9B2-4E24-9D5C-754A47935F8E}.Release|Any CPU.ActiveCfg = Release|Any CPU
		{6DF49120-B9B2-4E24-9D5C-754A47935F8E}.Release|Any CPU.Build.0 = Release|Any CPU
	EndGlobalSection
	GlobalSection(SolutionProperties) = preSolution
		HideSolutionNode = FALSE
	EndGlobalSection
	GlobalSection(NestedProjects) = preSolution
		{7FCEB8EF-AEFE-4C37-9208-F61B4AFD8163} = {AF47C54F-9571-4A4A-913D-2C257ED26CFD}
		{DCF8D18A-F58F-4463-9191-20C18F6ECBEC} = {7DA08632-D758-4D94-B8D7-25E8CCB086C9}
		{F98D6FB0-6F03-49FC-B7B0-C0492821C1DA} = {639B5900-25E5-4748-A87E-4CD5107D5011}
		{19FDCD78-96E6-4B56-9392-9719876203AA} = {AF47C54F-9571-4A4A-913D-2C257ED26CFD}
		{50816190-C248-4341-8702-F73D980669DC} = {8E7543EB-44F2-40BA-92C6-8B8D67EA5FBD}
		{83EAC3AE-CB70-4A78-B11F-C1F4769F2E6D} = {68DFA28D-D5F9-4EF4-864F-865E96AAE95D}
		{14DA0108-6D4D-4AB7-A02A-716926499555} = {9789F1C5-4894-48A5-A8EB-CBEF2E4282CA}
		{5C87617D-A5DB-42D0-8AAA-1A610C404B74} = {B8C65326-BAD0-4FB9-802C-F871D66B0FED}
		{BF236E2C-C47D-469C-BFEB-A7474CC487B4} = {B8C65326-BAD0-4FB9-802C-F871D66B0FED}
		{3834FC75-4464-45B5-B082-BD810E2B9E4D} = {B8C65326-BAD0-4FB9-802C-F871D66B0FED}
		{B7C2F7EE-442E-40DF-9526-6C081D877AFA} = {B8C65326-BAD0-4FB9-802C-F871D66B0FED}
		{2B6778F1-9FAF-4378-B147-2B456CD1885C} = {5844ED87-B2CC-4DAD-8628-89CF7851BEB3}
		{82FF2E56-0047-4F37-9B9D-F8DA02EC8DC9} = {2B6778F1-9FAF-4378-B147-2B456CD1885C}
		{69C68E2E-EC6A-48C1-A53D-A6F4F9D98E37} = {5844ED87-B2CC-4DAD-8628-89CF7851BEB3}
		{E2353601-50BF-468E-BC24-7ECAEADB6678} = {69C68E2E-EC6A-48C1-A53D-A6F4F9D98E37}
		{7960A5ED-E878-487E-B909-9771AFB212CC} = {4DDDEA3A-46A8-4FD2-802E-900532F65ED8}
		{6D9E336B-1A79-4F09-87A7-50D401FD76EC} = {7960A5ED-E878-487E-B909-9771AFB212CC}
		{E0FE4679-28E9-465D-A915-A1F7A9636C21} = {4DDDEA3A-46A8-4FD2-802E-900532F65ED8}
		{6DF49120-B9B2-4E24-9D5C-754A47935F8E} = {E0FE4679-28E9-465D-A915-A1F7A9636C21}
	EndGlobalSection
	GlobalSection(ExtensibilityGlobals) = postSolution
		SolutionGuid = {F674897B-BA37-409C-AA0F-F2D30B5093C3}
	EndGlobalSection
EndGlobal
